
Microsoft Visual Studio Solution File, Format Version 12.00
# Visual Studio Version 17
VisualStudioVersion = 17.4.33213.308
MinimumVisualStudioVersion = 10.0.40219.1
Project("{9A19103F-16F7-4668-BE54-9A1E7A4F7556}") = "2. Operatory arytmetyczne i logiczne", "2. Operatory arytmetyczne i logiczne\2. Operatory arytmetyczne i logiczne.csproj", "{3C6D28E6-C0A2-465C-B419-740243B3163B}"
EndProject
Project("{9A19103F-16F7-4668-BE54-9A1E7A4F7556}") = "0. Kurs 0", "0. Kurs 0\0. Kurs 0.csproj", "{5FAEA1DF-9C69-4E1B-96AE-176A30FF4096}"
EndProject
Project("{9A19103F-16F7-4668-BE54-9A1E7A4F7556}") = "1. Typy zmiennych", "1. Typy zmiennych\1. Typy zmiennych.csproj", "{9B2A9AE6-A1EC-447B-AD13-51BC0012FFC1}"
EndProject
Project("{9A19103F-16F7-4668-BE54-9A1E7A4F7556}") = "3. Instrukcje warunkowe", "3. Instrukcje warunkowe\3. Instrukcje warunkowe.csproj", "{D70BB189-BEB4-425B-A18F-3BE93BB63FAA}"
EndProject
Project("{9A19103F-16F7-4668-BE54-9A1E7A4F7556}") = "4. Pętle", "4. Pętle\4. Pętle.csproj", "{BB49C485-2218-433B-B3FC-EAA29C1290DB}"
EndProject
Project("{9A19103F-16F7-4668-BE54-9A1E7A4F7556}") = "5. Dodatkowe pojęcia teoretyczne", "5. Dodatkowe pojęcia teoretyczne\5. Dodatkowe pojęcia teoretyczne.csproj", "{4C5CCA4E-C01F-4F08-8410-1142DB93B5C2}"
EndProject
Project("{9A19103F-16F7-4668-BE54-9A1E7A4F7556}") = "5.2.1. Zadanie 2.1", "5.2.1. Zadanie 2.1\5.2.1. Zadanie 2.1.csproj", "{DE7F1364-ACC2-448F-9A93-1F09B584BE5B}"
EndProject
Project("{9A19103F-16F7-4668-BE54-9A1E7A4F7556}") = "5.1.1. Zadanie 1.1", "5.1.1. Zadanie 1.1\5.1.1. Zadanie 1.1.csproj", "{5608FD09-0B9C-4D07-9EB3-AF30974D48A0}"
EndProject
Project("{9A19103F-16F7-4668-BE54-9A1E7A4F7556}") = "5.1.2. Zadanie 1.2", "5.1.2. Zadanie 1.2\5.1.2. Zadanie 1.2.csproj", "{CD4FB091-F14D-4C49-9422-1E3B88948CA5}"
EndProject
Project("{9A19103F-16F7-4668-BE54-9A1E7A4F7556}") = "6. Instrukcje skoku", "6. Instrukcje skoku\6. Instrukcje skoku.csproj", "{8B462BBD-3931-45B1-9573-713A08CCFC6A}"
EndProject
Project("{9A19103F-16F7-4668-BE54-9A1E7A4F7556}") = "7. Instrukcje Switch", "7. Instrukcje Switch\7. Instrukcje Switch.csproj", "{0C8520C1-091C-4CFD-BC49-779582547BF1}"
EndProject
Project("{FAE04EC0-301F-11D3-BF4B-00C04F79EFBC}") = "8. Tablice", "8. Tablice\8. Tablice.csproj", "{29BBB93A-6FB0-4A23-8078-021D6006B74B}"
EndProject
Project("{FAE04EC0-301F-11D3-BF4B-00C04F79EFBC}") = "9. Funkcje i metody", "9. Funkcje i metody\9. Funkcje i metody.csproj", "{89ACEC31-A824-4EB8-AA4D-77977FBCE44B}"
EndProject
Project("{FAE04EC0-301F-11D3-BF4B-00C04F79EFBC}") = "a10. Klasy i obiekty", "a10. Klasy i obiekty\a10. Klasy i obiekty.csproj", "{248BAE0E-5859-4238-9993-0B05786A0765}"
EndProject
Global
	GlobalSection(SolutionConfigurationPlatforms) = preSolution
		Debug|Any CPU = Debug|Any CPU
		Release|Any CPU = Release|Any CPU
	EndGlobalSection
	GlobalSection(ProjectConfigurationPlatforms) = postSolution
		{3C6D28E6-C0A2-465C-B419-740243B3163B}.Debug|Any CPU.ActiveCfg = Debug|Any CPU
		{3C6D28E6-C0A2-465C-B419-740243B3163B}.Debug|Any CPU.Build.0 = Debug|Any CPU
		{3C6D28E6-C0A2-465C-B419-740243B3163B}.Release|Any CPU.ActiveCfg = Release|Any CPU
		{3C6D28E6-C0A2-465C-B419-740243B3163B}.Release|Any CPU.Build.0 = Release|Any CPU
		{5FAEA1DF-9C69-4E1B-96AE-176A30FF4096}.Debug|Any CPU.ActiveCfg = Debug|Any CPU
		{5FAEA1DF-9C69-4E1B-96AE-176A30FF4096}.Debug|Any CPU.Build.0 = Debug|Any CPU
		{5FAEA1DF-9C69-4E1B-96AE-176A30FF4096}.Release|Any CPU.ActiveCfg = Release|Any CPU
		{5FAEA1DF-9C69-4E1B-96AE-176A30FF4096}.Release|Any CPU.Build.0 = Release|Any CPU
		{9B2A9AE6-A1EC-447B-AD13-51BC0012FFC1}.Debug|Any CPU.ActiveCfg = Debug|Any CPU
		{9B2A9AE6-A1EC-447B-AD13-51BC0012FFC1}.Debug|Any CPU.Build.0 = Debug|Any CPU
		{9B2A9AE6-A1EC-447B-AD13-51BC0012FFC1}.Release|Any CPU.ActiveCfg = Release|Any CPU
		{9B2A9AE6-A1EC-447B-AD13-51BC0012FFC1}.Release|Any CPU.Build.0 = Release|Any CPU
		{D70BB189-BEB4-425B-A18F-3BE93BB63FAA}.Debug|Any CPU.ActiveCfg = Debug|Any CPU
		{D70BB189-BEB4-425B-A18F-3BE93BB63FAA}.Debug|Any CPU.Build.0 = Debug|Any CPU
		{D70BB189-BEB4-425B-A18F-3BE93BB63FAA}.Release|Any CPU.ActiveCfg = Release|Any CPU
		{D70BB189-BEB4-425B-A18F-3BE93BB63FAA}.Release|Any CPU.Build.0 = Release|Any CPU
		{BB49C485-2218-433B-B3FC-EAA29C1290DB}.Debug|Any CPU.ActiveCfg = Debug|Any CPU
		{BB49C485-2218-433B-B3FC-EAA29C1290DB}.Debug|Any CPU.Build.0 = Debug|Any CPU
		{BB49C485-2218-433B-B3FC-EAA29C1290DB}.Release|Any CPU.ActiveCfg = Release|Any CPU
		{BB49C485-2218-433B-B3FC-EAA29C1290DB}.Release|Any CPU.Build.0 = Release|Any CPU
		{4C5CCA4E-C01F-4F08-8410-1142DB93B5C2}.Debug|Any CPU.ActiveCfg = Debug|Any CPU
		{4C5CCA4E-C01F-4F08-8410-1142DB93B5C2}.Debug|Any CPU.Build.0 = Debug|Any CPU
		{4C5CCA4E-C01F-4F08-8410-1142DB93B5C2}.Release|Any CPU.ActiveCfg = Release|Any CPU
		{4C5CCA4E-C01F-4F08-8410-1142DB93B5C2}.Release|Any CPU.Build.0 = Release|Any CPU
		{DE7F1364-ACC2-448F-9A93-1F09B584BE5B}.Debug|Any CPU.ActiveCfg = Debug|Any CPU
		{DE7F1364-ACC2-448F-9A93-1F09B584BE5B}.Debug|Any CPU.Build.0 = Debug|Any CPU
		{DE7F1364-ACC2-448F-9A93-1F09B584BE5B}.Release|Any CPU.ActiveCfg = Release|Any CPU
		{DE7F1364-ACC2-448F-9A93-1F09B584BE5B}.Release|Any CPU.Build.0 = Release|Any CPU
		{5608FD09-0B9C-4D07-9EB3-AF30974D48A0}.Debug|Any CPU.ActiveCfg = Debug|Any CPU
		{5608FD09-0B9C-4D07-9EB3-AF30974D48A0}.Debug|Any CPU.Build.0 = Debug|Any CPU
		{5608FD09-0B9C-4D07-9EB3-AF30974D48A0}.Release|Any CPU.ActiveCfg = Release|Any CPU
		{5608FD09-0B9C-4D07-9EB3-AF30974D48A0}.Release|Any CPU.Build.0 = Release|Any CPU
		{CD4FB091-F14D-4C49-9422-1E3B88948CA5}.Debug|Any CPU.ActiveCfg = Debug|Any CPU
		{CD4FB091-F14D-4C49-9422-1E3B88948CA5}.Debug|Any CPU.Build.0 = Debug|Any CPU
		{CD4FB091-F14D-4C49-9422-1E3B88948CA5}.Release|Any CPU.ActiveCfg = Release|Any CPU
		{CD4FB091-F14D-4C49-9422-1E3B88948CA5}.Release|Any CPU.Build.0 = Release|Any CPU
		{8B462BBD-3931-45B1-9573-713A08CCFC6A}.Debug|Any CPU.ActiveCfg = Debug|Any CPU
		{8B462BBD-3931-45B1-9573-713A08CCFC6A}.Debug|Any CPU.Build.0 = Debug|Any CPU
		{8B462BBD-3931-45B1-9573-713A08CCFC6A}.Release|Any CPU.ActiveCfg = Release|Any CPU
		{8B462BBD-3931-45B1-9573-713A08CCFC6A}.Release|Any CPU.Build.0 = Release|Any CPU
		{0C8520C1-091C-4CFD-BC49-779582547BF1}.Debug|Any CPU.ActiveCfg = Debug|Any CPU
		{0C8520C1-091C-4CFD-BC49-779582547BF1}.Debug|Any CPU.Build.0 = Debug|Any CPU
		{0C8520C1-091C-4CFD-BC49-779582547BF1}.Release|Any CPU.ActiveCfg = Release|Any CPU
		{0C8520C1-091C-4CFD-BC49-779582547BF1}.Release|Any CPU.Build.0 = Release|Any CPU
		{29BBB93A-6FB0-4A23-8078-021D6006B74B}.Debug|Any CPU.ActiveCfg = Debug|Any CPU
		{29BBB93A-6FB0-4A23-8078-021D6006B74B}.Debug|Any CPU.Build.0 = Debug|Any CPU
		{29BBB93A-6FB0-4A23-8078-021D6006B74B}.Release|Any CPU.ActiveCfg = Release|Any CPU
		{29BBB93A-6FB0-4A23-8078-021D6006B74B}.Release|Any CPU.Build.0 = Release|Any CPU
		{89ACEC31-A824-4EB8-AA4D-77977FBCE44B}.Debug|Any CPU.ActiveCfg = Debug|Any CPU
		{89ACEC31-A824-4EB8-AA4D-77977FBCE44B}.Debug|Any CPU.Build.0 = Debug|Any CPU
		{89ACEC31-A824-4EB8-AA4D-77977FBCE44B}.Release|Any CPU.ActiveCfg = Release|Any CPU
		{89ACEC31-A824-4EB8-AA4D-77977FBCE44B}.Release|Any CPU.Build.0 = Release|Any CPU
		{248BAE0E-5859-4238-9993-0B05786A0765}.Debug|Any CPU.ActiveCfg = Debug|Any CPU
		{248BAE0E-5859-4238-9993-0B05786A0765}.Debug|Any CPU.Build.0 = Debug|Any CPU
		{248BAE0E-5859-4238-9993-0B05786A0765}.Release|Any CPU.ActiveCfg = Release|Any CPU
		{248BAE0E-5859-4238-9993-0B05786A0765}.Release|Any CPU.Build.0 = Release|Any CPU
	EndGlobalSection
	GlobalSection(SolutionProperties) = preSolution
		HideSolutionNode = FALSE
	EndGlobalSection
	GlobalSection(ExtensibilityGlobals) = postSolution
		SolutionGuid = {CC374392-796F-48BD-A626-233D1E1311C6}
	EndGlobalSection
EndGlobal
