
Microsoft Visual Studio Solution File, Format Version 12.00
# Visual Studio Version 17
VisualStudioVersion = 17.4.33213.308
MinimumVisualStudioVersion = 10.0.40219.1
Project("{9A19103F-16F7-4668-BE54-9A1E7A4F7556}") = "0. Kurs 0", "Kurs 0\0. Kurs 0.csproj", "{94EAAB5B-748C-45F1-B128-091B545F602A}"
EndProject
Project("{FAE04EC0-301F-11D3-BF4B-00C04F79EFBC}") = "1. Typy zmiennych", "Typy zmiennych\1. Typy zmiennych.csproj", "{0B9E7116-74E0-48F6-8744-A59C980384E0}"
EndProject
Global
	GlobalSection(SolutionConfigurationPlatforms) = preSolution
		Debug|Any CPU = Debug|Any CPU
		Release|Any CPU = Release|Any CPU
	EndGlobalSection
	GlobalSection(ProjectConfigurationPlatforms) = postSolution
		{94EAAB5B-748C-45F1-B128-091B545F602A}.Debug|Any CPU.ActiveCfg = Debug|Any CPU
		{94EAAB5B-748C-45F1-B128-091B545F602A}.Debug|Any CPU.Build.0 = Debug|Any CPU
		{94EAAB5B-748C-45F1-B128-091B545F602A}.Release|Any CPU.ActiveCfg = Release|Any CPU
		{94EAAB5B-748C-45F1-B128-091B545F602A}.Release|Any CPU.Build.0 = Release|Any CPU
		{0B9E7116-74E0-48F6-8744-A59C980384E0}.Debug|Any CPU.ActiveCfg = Debug|Any CPU
		{0B9E7116-74E0-48F6-8744-A59C980384E0}.Debug|Any CPU.Build.0 = Debug|Any CPU
		{0B9E7116-74E0-48F6-8744-A59C980384E0}.Release|Any CPU.ActiveCfg = Release|Any CPU
		{0B9E7116-74E0-48F6-8744-A59C980384E0}.Release|Any CPU.Build.0 = Release|Any CPU
	EndGlobalSection
	GlobalSection(SolutionProperties) = preSolution
		HideSolutionNode = FALSE
	EndGlobalSection
	GlobalSection(ExtensibilityGlobals) = postSolution
		SolutionGuid = {CC374392-796F-48BD-A626-233D1E1311C6}
	EndGlobalSection
EndGlobal
